
Microsoft Visual Studio Solution File, Format Version 12.00
# Visual Studio Version 16
VisualStudioVersion = 16.0.31205.134
MinimumVisualStudioVersion = 10.0.40219.1
Project("{8BC9CEB8-8B4A-11D0-8D11-00A0C91BC942}") = "LPMSAdapter", "LPMSAdapter\LPMSAdapter.vcxproj", "{8BE615D3-BE20-4051-9448-0457EF7F1EAB}"
EndProject
Project("{8BC9CEB8-8B4A-11D0-8D11-00A0C91BC942}") = "AdapterTest", "AdapterTest\AdapterTest.vcxproj", "{39A4ADB4-AB11-4EF9-BA31-B6BBD4CA298E}"
EndProject
Global
	GlobalSection(SolutionConfigurationPlatforms) = preSolution
		Debug|x64 = Debug|x64
		Debug|x86 = Debug|x86
		Release|x64 = Release|x64
		Release|x86 = Release|x86
	EndGlobalSection
	GlobalSection(ProjectConfigurationPlatforms) = postSolution
		{8BE615D3-BE20-4051-9448-0457EF7F1EAB}.Debug|x64.ActiveCfg = Debug|x64
		{8BE615D3-BE20-4051-9448-0457EF7F1EAB}.Debug|x64.Build.0 = Debug|x64
		{8BE615D3-BE20-4051-9448-0457EF7F1EAB}.Debug|x86.ActiveCfg = Debug|Win32
		{8BE615D3-BE20-4051-9448-0457EF7F1EAB}.Debug|x86.Build.0 = Debug|Win32
		{8BE615D3-BE20-4051-9448-0457EF7F1EAB}.Release|x64.ActiveCfg = Release|x64
		{8BE615D3-BE20-4051-9448-0457EF7F1EAB}.Release|x64.Build.0 = Release|x64
		{8BE615D3-BE20-4051-9448-0457EF7F1EAB}.Release|x86.ActiveCfg = Release|Win32
		{8BE615D3-BE20-4051-9448-0457EF7F1EAB}.Release|x86.Build.0 = Release|Win32
		{39A4ADB4-AB11-4EF9-BA31-B6BBD4CA298E}.Debug|x64.ActiveCfg = Debug|x64
		{39A4ADB4-AB11-4EF9-BA31-B6BBD4CA298E}.Debug|x64.Build.0 = Debug|x64
		{39A4ADB4-AB11-4EF9-BA31-B6BBD4CA298E}.Debug|x86.ActiveCfg = Debug|Win32
		{39A4ADB4-AB11-4EF9-BA31-B6BBD4CA298E}.Debug|x86.Build.0 = Debug|Win32
		{39A4ADB4-AB11-4EF9-BA31-B6BBD4CA298E}.Release|x64.ActiveCfg = Release|x64
		{39A4ADB4-AB11-4EF9-BA31-B6BBD4CA298E}.Release|x64.Build.0 = Release|x64
		{39A4ADB4-AB11-4EF9-BA31-B6BBD4CA298E}.Release|x86.ActiveCfg = Release|Win32
		{39A4ADB4-AB11-4EF9-BA31-B6BBD4CA298E}.Release|x86.Build.0 = Release|Win32
	EndGlobalSection
	GlobalSection(SolutionProperties) = preSolution
		HideSolutionNode = FALSE
	EndGlobalSection
	GlobalSection(ExtensibilityGlobals) = postSolution
		SolutionGuid = {F33CB761-FACC-41D1-8E18-A23F441A8886}
	EndGlobalSection
EndGlobal
